
Microsoft Visual Studio Solution File, Format Version 12.00
# Visual Studio 2012
Project("{FAE04EC0-301F-11D3-BF4B-00C04F79EFBC}") = "PhoneHKS", "PhoneHKS\PhoneHKS.csproj", "{C2B6496B-C662-4CCF-8113-DF5BCB71FA3C}"
EndProject
Project("{FAE04EC0-301F-11D3-BF4B-00C04F79EFBC}") = "PhoneHKS.iOS", "iOS\PhoneHKS.iOS.csproj", "{44FB97DD-FEBF-42F3-8F98-099BB639C4FB}"
EndProject
Project("{FAE04EC0-301F-11D3-BF4B-00C04F79EFBC}") = "PhoneHKS.Droid", "Droid\PhoneHKS.Droid.csproj", "{821F2DA7-7D61-4504-993A-6BED229F702B}"
EndProject
Global
	GlobalSection(SolutionConfigurationPlatforms) = preSolution
		Debug|Any CPU = Debug|Any CPU
		Release|Any CPU = Release|Any CPU
		Debug|iPhoneSimulator = Debug|iPhoneSimulator
		Release|iPhone = Release|iPhone
		Release|iPhoneSimulator = Release|iPhoneSimulator
		Debug|iPhone = Debug|iPhone
	EndGlobalSection
	GlobalSection(ProjectConfigurationPlatforms) = postSolution
		{C2B6496B-C662-4CCF-8113-DF5BCB71FA3C}.Debug|Any CPU.ActiveCfg = Debug|Any CPU
		{C2B6496B-C662-4CCF-8113-DF5BCB71FA3C}.Debug|Any CPU.Build.0 = Debug|Any CPU
		{C2B6496B-C662-4CCF-8113-DF5BCB71FA3C}.Release|Any CPU.ActiveCfg = Release|Any CPU
		{C2B6496B-C662-4CCF-8113-DF5BCB71FA3C}.Release|Any CPU.Build.0 = Release|Any CPU
		{C2B6496B-C662-4CCF-8113-DF5BCB71FA3C}.Debug|iPhoneSimulator.ActiveCfg = Debug|Any CPU
		{C2B6496B-C662-4CCF-8113-DF5BCB71FA3C}.Debug|iPhoneSimulator.Build.0 = Debug|Any CPU
		{C2B6496B-C662-4CCF-8113-DF5BCB71FA3C}.Release|iPhone.ActiveCfg = Release|Any CPU
		{C2B6496B-C662-4CCF-8113-DF5BCB71FA3C}.Release|iPhone.Build.0 = Release|Any CPU
		{C2B6496B-C662-4CCF-8113-DF5BCB71FA3C}.Release|iPhoneSimulator.ActiveCfg = Release|Any CPU
		{C2B6496B-C662-4CCF-8113-DF5BCB71FA3C}.Release|iPhoneSimulator.Build.0 = Release|Any CPU
		{C2B6496B-C662-4CCF-8113-DF5BCB71FA3C}.Debug|iPhone.ActiveCfg = Debug|Any CPU
		{C2B6496B-C662-4CCF-8113-DF5BCB71FA3C}.Debug|iPhone.Build.0 = Debug|Any CPU
		{44FB97DD-FEBF-42F3-8F98-099BB639C4FB}.Debug|Any CPU.ActiveCfg = Debug|iPhoneSimulator
		{44FB97DD-FEBF-42F3-8F98-099BB639C4FB}.Debug|Any CPU.Build.0 = Debug|iPhoneSimulator
		{44FB97DD-FEBF-42F3-8F98-099BB639C4FB}.Release|Any CPU.ActiveCfg = Release|iPhone
		{44FB97DD-FEBF-42F3-8F98-099BB639C4FB}.Release|Any CPU.Build.0 = Release|iPhone
		{44FB97DD-FEBF-42F3-8F98-099BB639C4FB}.Debug|iPhoneSimulator.ActiveCfg = Debug|iPhoneSimulator
		{44FB97DD-FEBF-42F3-8F98-099BB639C4FB}.Debug|iPhoneSimulator.Build.0 = Debug|iPhoneSimulator
		{44FB97DD-FEBF-42F3-8F98-099BB639C4FB}.Release|iPhone.ActiveCfg = Release|iPhone
		{44FB97DD-FEBF-42F3-8F98-099BB639C4FB}.Release|iPhone.Build.0 = Release|iPhone
		{44FB97DD-FEBF-42F3-8F98-099BB639C4FB}.Release|iPhoneSimulator.ActiveCfg = Release|iPhoneSimulator
		{44FB97DD-FEBF-42F3-8F98-099BB639C4FB}.Release|iPhoneSimulator.Build.0 = Release|iPhoneSimulator
		{44FB97DD-FEBF-42F3-8F98-099BB639C4FB}.Debug|iPhone.ActiveCfg = Debug|iPhone
		{44FB97DD-FEBF-42F3-8F98-099BB639C4FB}.Debug|iPhone.Build.0 = Debug|iPhone
		{821F2DA7-7D61-4504-993A-6BED229F702B}.Debug|Any CPU.ActiveCfg = Debug|Any CPU
		{821F2DA7-7D61-4504-993A-6BED229F702B}.Debug|Any CPU.Build.0 = Debug|Any CPU
		{821F2DA7-7D61-4504-993A-6BED229F702B}.Release|Any CPU.ActiveCfg = Release|Any CPU
		{821F2DA7-7D61-4504-993A-6BED229F702B}.Release|Any CPU.Build.0 = Release|Any CPU
		{821F2DA7-7D61-4504-993A-6BED229F702B}.Debug|iPhoneSimulator.ActiveCfg = Debug|Any CPU
		{821F2DA7-7D61-4504-993A-6BED229F702B}.Debug|iPhoneSimulator.Build.0 = Debug|Any CPU
		{821F2DA7-7D61-4504-993A-6BED229F702B}.Release|iPhone.ActiveCfg = Release|Any CPU
		{821F2DA7-7D61-4504-993A-6BED229F702B}.Release|iPhone.Build.0 = Release|Any CPU
		{821F2DA7-7D61-4504-993A-6BED229F702B}.Release|iPhoneSimulator.ActiveCfg = Release|Any CPU
		{821F2DA7-7D61-4504-993A-6BED229F702B}.Release|iPhoneSimulator.Build.0 = Release|Any CPU
		{821F2DA7-7D61-4504-993A-6BED229F702B}.Debug|iPhone.ActiveCfg = Debug|Any CPU
		{821F2DA7-7D61-4504-993A-6BED229F702B}.Debug|iPhone.Build.0 = Debug|Any CPU
	EndGlobalSection
EndGlobal
